{
  "version": 4,
  "terraform_version": "1.2.9",
  "serial": 4,
  "lineage": "17d308a2-03a8-d3fe-b7d7-58552dcc370c",
  "outputs": {},
  "resources": [
    {
      "mode": "managed",
      "type": "aws_iam_user",
      "name": "user",
      "provider": "provider[\"registry.terraform.io/hashicorp/aws\"]",
      "instances": [
        {
          "index_key": 0,
          "schema_version": 0,
          "attributes": {
            "arn": "arn:aws:iam::921582053110:user/dev-user",
            "force_destroy": false,
            "id": "dev-user",
            "name": "dev-user",
            "path": "/",
            "permissions_boundary": null,
            "tags": null,
            "tags_all": {},
            "unique_id": "AIDA5NEUSE33EUCBFP36D"
          },
          "sensitive_attributes": [],
          "private": "bnVsbA=="
        },
        {
          "index_key": 1,
          "schema_version": 0,
          "attributes": {
            "arn": "arn:aws:iam::921582053110:user/stage-user",
            "force_destroy": false,
            "id": "stage-user",
            "name": "stage-user",
            "path": "/",
            "permissions_boundary": null,
            "tags": null,
            "tags_all": {},
            "unique_id": "AIDA5NEUSE33G2KX7VXXS"
          },
          "sensitive_attributes": [],
          "private": "bnVsbA=="
        },
        {
          "index_key": 2,
          "schema_version": 0,
          "attributes": {
            "arn": "arn:aws:iam::921582053110:user/prod-user",
            "force_destroy": false,
            "id": "prod-user",
            "name": "prod-user",
            "path": "/",
            "permissions_boundary": null,
            "tags": null,
            "tags_all": {},
            "unique_id": "AIDA5NEUSE33PXAUTT2FF"
          },
          "sensitive_attributes": [],
          "private": "bnVsbA=="
        }
      ]
    }
  ]
}
